PODS:
  - Bolts/Tasks (1.9.0)
  - ChainedDroplist (0.1.0):
    - Bolts/Tasks (~> 1.9.0)
    - LRNotificationObserver (~> 0.1.0)
    - Masonry (~> 1.1.0)
  - LRNotificationObserver (0.1.2)
  - Masonry (1.1.0)

DEPENDENCIES:
  - ChainedDroplist (from `../`)

SPEC REPOS:
  https://github.com/cocoapods/specs.git:
    - Bolts
    - LRNotificationObserver
    - Masonry

EXTERNAL SOURCES:
  ChainedDroplist:
    :path: "../"

SPEC CHECKSUMS:
  Bolts: ac6567323eac61e203f6a9763667d0f711be34c8
  ChainedDroplist: b059335985d68b08481fef5096db2160cb3e04b2
  LRNotificationObserver: 696c23f223a03c9b3279ca9a5437a03bb98d6866
  Masonry: 678fab65091a9290e40e2832a55e7ab731aad201

PODFILE CHECKSUM: 0dfdd6c6cafa4b462b39ec63dd796a5f8fd0e8fb

COCOAPODS: 1.6.0
