PODS:
  - ChainedDroplist (0.1.0):
    - Masonry (~> 1.1.0)
  - Masonry (1.1.0)

DEPENDENCIES:
  - ChainedDroplist (from `../`)

SPEC REPOS:
  https://github.com/cocoapods/specs.git:
    - Masonry

EXTERNAL SOURCES:
  ChainedDroplist:
    :path: "../"

SPEC CHECKSUMS:
  ChainedDroplist: 4e9474046dda240b6286c48b69cddffc1626378c
  Masonry: 678fab65091a9290e40e2832a55e7ab731aad201

PODFILE CHECKSUM: 5691de17e0e21bfcd79290e413859565bdbcce64

COCOAPODS: 1.6.0
